
Microsoft Visual Studio Solution File, Format Version 12.00
# Visual Studio Version 16
VisualStudioVersion = 16.0.31729.503
MinimumVisualStudioVersion = 10.0.40219.1
Project("{FAE04EC0-301F-11D3-BF4B-00C04F79EFBC}") = "Esercizio1Stringhe", "Esercizio1Stringhe\Esercizio1Stringhe.csproj", "{0FDD73CB-00EF-4883-BD5F-B2775A4B324E}"
EndProject
Global
	GlobalSection(SolutionConfigurationPlatforms) = preSolution
		Debug|Any CPU = Debug|Any CPU
		Release|Any CPU = Release|Any CPU
	EndGlobalSection
	GlobalSection(ProjectConfigurationPlatforms) = postSolution
		{0FDD73CB-00EF-4883-BD5F-B2775A4B324E}.Debug|Any CPU.ActiveCfg = Debug|Any CPU
		{0FDD73CB-00EF-4883-BD5F-B2775A4B324E}.Debug|Any CPU.Build.0 = Debug|Any CPU
		{0FDD73CB-00EF-4883-BD5F-B2775A4B324E}.Release|Any CPU.ActiveCfg = Release|Any CPU
		{0FDD73CB-00EF-4883-BD5F-B2775A4B324E}.Release|Any CPU.Build.0 = Release|Any CPU
	EndGlobalSection
	GlobalSection(SolutionProperties) = preSolution
		HideSolutionNode = FALSE
	EndGlobalSection
	GlobalSection(ExtensibilityGlobals) = postSolution
		SolutionGuid = {FFD18B3D-8EE6-4C3C-A23C-42F770ABFDDE}
	EndGlobalSection
EndGlobal
